// !$*UTF8*$!
{
	archiveVersion = 1;
	classes = {
	};
	objectVersion = 46;
	objects = {

/* Begin PBXBuildFile section */
		654F77031A5399EA0057278B /* main.m in Sources */ = {isa = PBXBuildFile; fileRef = 654F77021A5399EA0057278B /* main.m */; };
		654F77061A5399EA0057278B /* AppDelegate.m in Sources */ = {isa = PBXBuildFile; fileRef = 654F77051A5399EA0057278B /* AppDelegate.m */; };
		654F77091A5399EA0057278B /* LoadingViewController.m in Sources */ = {isa = PBXBuildFile; fileRef = 654F77081A5399EA0057278B /* LoadingViewController.m */; };
		654F770C1A5399EA0057278B /* Main.storyboard in Resources */ = {isa = PBXBuildFile; fileRef = 654F770A1A5399EA0057278B /* Main.storyboard */; };
		654F770E1A5399EA0057278B /* Images.xcassets in Resources */ = {isa = PBXBuildFile; fileRef = 654F770D1A5399EA0057278B /* Images.xcassets */; };
		654F77111A5399EA0057278B /* LaunchScreen.xib in Resources */ = {isa = PBXBuildFile; fileRef = 654F770F1A5399EA0057278B /* LaunchScreen.xib */; };
		654F771D1A5399EA0057278B /* TurboEngineTests.m in Sources */ = {isa = PBXBuildFile; fileRef = 654F771C1A5399EA0057278B /* TurboEngineTests.m */; };
		65CE498D1A66006E00822DC4 /* UpdateViewController.m in Sources */ = {isa = PBXBuildFile; fileRef = 65CE498C1A66006E00822DC4 /* UpdateViewController.m */; };
		65CE49BE1A66173F00822DC4 /* DataOfConfigureFile.m in Sources */ = {isa = PBXBuildFile; fileRef = 65CE49B71A66173F00822DC4 /* DataOfConfigureFile.m */; };
		65CE49BF1A66173F00822DC4 /* StructOfRegion.m in Sources */ = {isa = PBXBuildFile; fileRef = 65CE49B91A66173F00822DC4 /* StructOfRegion.m */; };
		65CE49C01A66173F00822DC4 /* StructOfWebResource.m in Sources */ = {isa = PBXBuildFile; fileRef = 65CE49BB1A66173F00822DC4 /* StructOfWebResource.m */; };
		65CE49C11A66173F00822DC4 /* WebResourceDownloadManger.m in Sources */ = {isa = PBXBuildFile; fileRef = 65CE49BD1A66173F00822DC4 /* WebResourceDownloadManger.m */; };
		65CE49F51A664F8600822DC4 /* Constant.m in Sources */ = {isa = PBXBuildFile; fileRef = 65CE49F41A664F8600822DC4 /* Constant.m */; };
/* End PBXBuildFile section */

/* Begin PBXContainerItemProxy section */
		654F77171A5399EA0057278B /* PBXContainerItemProxy */ = {
			isa = PBXContainerItemProxy;
			containerPortal = 654F76F51A5399EA0057278B /* Project object */;
			proxyType = 1;
			remoteGlobalIDString = 654F76FC1A5399EA0057278B;
			remoteInfo = TurboEngine;
		};
/* End PBXContainerItemProxy section */

/* Begin PBXFileReference section */
		654F76FD1A5399EA0057278B /* TurboEngine.app */ = {isa = PBXFileReference; explicitFileType = wrapper.application; includeInIndex = 0; path = TurboEngine.app; sourceTree = BUILT_PRODUCTS_DIR; };
		654F77011A5399EA0057278B /* Info.plist */ = {isa = PBXFileReference; lastKnownFileType = text.plist.xml; path = Info.plist; sourceTree = "<group>"; };
		654F77021A5399EA0057278B /* main.m */ = {isa = PBXFileReference; lastKnownFileType = sourcecode.c.objc; path = main.m; sourceTree = "<group>"; };
		654F77041A5399EA0057278B /* AppDelegate.h */ = {isa = PBXFileReference; lastKnownFileType = sourcecode.c.h; path = AppDelegate.h; sourceTree = "<group>"; };
		654F77051A5399EA0057278B /* AppDelegate.m */ = {isa = PBXFileReference; lastKnownFileType = sourcecode.c.objc; path = AppDelegate.m; sourceTree = "<group>"; };
		654F77071A5399EA0057278B /* LoadingViewController.h */ = {isa = PBXFileReference; lastKnownFileType = sourcecode.c.h; path = LoadingViewController.h; sourceTree = "<group>"; };
		654F77081A5399EA0057278B /* LoadingViewController.m */ = {isa = PBXFileReference; lastKnownFileType = sourcecode.c.objc; path = LoadingViewController.m; sourceTree = "<group>"; };
		654F770B1A5399EA0057278B /* Base */ = {isa = PBXFileReference; lastKnownFileType = file.storyboard; name = Base; path = Base.lproj/Main.storyboard; sourceTree = "<group>"; };
		654F770D1A5399EA0057278B /* Images.xcassets */ = {isa = PBXFileReference; lastKnownFileType = folder.assetcatalog; path = Images.xcassets; sourceTree = "<group>"; };
		654F77101A5399EA0057278B /* Base */ = {isa = PBXFileReference; lastKnownFileType = file.xib; name = Base; path = Base.lproj/LaunchScreen.xib; sourceTree = "<group>"; };
		654F77161A5399EA0057278B /* TurboEngineTests.xctest */ = {isa = PBXFileReference; explicitFileType = wrapper.cfbundle; includeInIndex = 0; path = TurboEngineTests.xctest; sourceTree = BUILT_PRODUCTS_DIR; };
		654F771B1A5399EA0057278B /* Info.plist */ = {isa = PBXFileReference; lastKnownFileType = text.plist.xml; path = Info.plist; sourceTree = "<group>"; };
		654F771C1A5399EA0057278B /* TurboEngineTests.m */ = {isa = PBXFileReference; lastKnownFileType = sourcecode.c.objc; path = TurboEngineTests.m; sourceTree = "<group>"; };
		65CE498B1A66006E00822DC4 /* UpdateViewController.h */ = {isa = PBXFileReference; fileEncoding = 4; lastKnownFileType = sourcecode.c.h; path = UpdateViewController.h; sourceTree = "<group>"; };
		65CE498C1A66006E00822DC4 /* UpdateViewController.m */ = {isa = PBXFileReference; fileEncoding = 4; lastKnownFileType = sourcecode.c.objc; path = UpdateViewController.m; sourceTree = "<group>"; };
		65CE49B61A66173F00822DC4 /* DataOfConfigureFile.h */ = {isa = PBXFileReference; fileEncoding = 4; lastKnownFileType = sourcecode.c.h; path = DataOfConfigureFile.h; sourceTree = "<group>"; };
		65CE49B71A66173F00822DC4 /* DataOfConfigureFile.m */ = {isa = PBXFileReference; fileEncoding = 4; lastKnownFileType = sourcecode.c.objc; path = DataOfConfigureFile.m; sourceTree = "<group>"; };
		65CE49B81A66173F00822DC4 /* StructOfRegion.h */ = {isa = PBXFileReference; fileEncoding = 4; lastKnownFileType = sourcecode.c.h; path = StructOfRegion.h; sourceTree = "<group>"; };
		65CE49B91A66173F00822DC4 /* StructOfRegion.m */ = {isa = PBXFileReference; fileEncoding = 4; lastKnownFileType = sourcecode.c.objc; path = StructOfRegion.m; sourceTree = "<group>"; };
		65CE49BA1A66173F00822DC4 /* StructOfWebResource.h */ = {isa = PBXFileReference; fileEncoding = 4; lastKnownFileType = sourcecode.c.h; path = StructOfWebResource.h; sourceTree = "<group>"; };
		65CE49BB1A66173F00822DC4 /* StructOfWebResource.m */ = {isa = PBXFileReference; fileEncoding = 4; lastKnownFileType = sourcecode.c.objc; path = StructOfWebResource.m; sourceTree = "<group>"; };
		65CE49BC1A66173F00822DC4 /* WebResourceDownloadManger.h */ = {isa = PBXFileReference; fileEncoding = 4; lastKnownFileType = sourcecode.c.h; path = WebResourceDownloadManger.h; sourceTree = "<group>"; };
		65CE49BD1A66173F00822DC4 /* WebResourceDownloadManger.m */ = {isa = PBXFileReference; fileEncoding = 4; lastKnownFileType = sourcecode.c.objc; path = WebResourceDownloadManger.m; sourceTree = "<group>"; };
		65CE49F41A664F8600822DC4 /* Constant.m */ = {isa = PBXFileReference; fileEncoding = 4; lastKnownFileType = sourcecode.c.objc; path = Constant.m; sourceTree = "<group>"; };
/* End PBXFileReference section */

/* Begin PBXFrameworksBuildPhase section */
		654F76FA1A5399EA0057278B /* Frameworks */ = {
			isa = PBXFrameworksBuildPhase;
			buildActionMask = 2147483647;
			files = (
			);
			runOnlyForDeploymentPostprocessing = 0;
		};
		654F77131A5399EA0057278B /* Frameworks */ = {
			isa = PBXFrameworksBuildPhase;
			buildActionMask = 2147483647;
			files = (
			);
			runOnlyForDeploymentPostprocessing = 0;
		};
/* End PBXFrameworksBuildPhase section */

/* Begin PBXGroup section */
		654F76F41A5399EA0057278B = {
			isa = PBXGroup;
			children = (
				654F76FF1A5399EA0057278B /* TurboEngine */,
				654F77191A5399EA0057278B /* TurboEngineTests */,
				654F76FE1A5399EA0057278B /* Products */,
			);
			sourceTree = "<group>";
		};
		654F76FE1A5399EA0057278B /* Products */ = {
			isa = PBXGroup;
			children = (
				654F76FD1A5399EA0057278B /* TurboEngine.app */,
				654F77161A5399EA0057278B /* TurboEngineTests.xctest */,
			);
			name = Products;
			sourceTree = "<group>";
		};
		654F76FF1A5399EA0057278B /* TurboEngine */ = {
			isa = PBXGroup;
			children = (
				65CE49F41A664F8600822DC4 /* Constant.m */,
				65CE49B31A6616F500822DC4 /* Entities */,
				65CE49B21A6616E900822DC4 /* Utilities */,
				654F77041A5399EA0057278B /* AppDelegate.h */,
				654F77051A5399EA0057278B /* AppDelegate.m */,
				654F77071A5399EA0057278B /* LoadingViewController.h */,
				654F77081A5399EA0057278B /* LoadingViewController.m */,
				65CE498B1A66006E00822DC4 /* UpdateViewController.h */,
				65CE498C1A66006E00822DC4 /* UpdateViewController.m */,
				654F770A1A5399EA0057278B /* Main.storyboard */,
				654F770D1A5399EA0057278B /* Images.xcassets */,
				654F770F1A5399EA0057278B /* LaunchScreen.xib */,
				654F77001A5399EA0057278B /* Supporting Files */,
			);
			path = TurboEngine;
			sourceTree = "<group>";
		};
		654F77001A5399EA0057278B /* Supporting Files */ = {
			isa = PBXGroup;
			children = (
				654F77011A5399EA0057278B /* Info.plist */,
				654F77021A5399EA0057278B /* main.m */,
			);
			name = "Supporting Files";
			sourceTree = "<group>";
		};
		654F77191A5399EA0057278B /* TurboEngineTests */ = {
			isa = PBXGroup;
			children = (
				654F771C1A5399EA0057278B /* TurboEngineTests.m */,
				654F771A1A5399EA0057278B /* Supporting Files */,
			);
			path = TurboEngineTests;
			sourceTree = "<group>";
		};
		654F771A1A5399EA0057278B /* Supporting Files */ = {
			isa = PBXGroup;
			children = (
				654F771B1A5399EA0057278B /* Info.plist */,
			);
			name = "Supporting Files";
			sourceTree = "<group>";
		};
		65CE49B21A6616E900822DC4 /* Utilities */ = {
			isa = PBXGroup;
			children = (
				65CE49B51A66170D00822DC4 /* WebResourceDownload */,
			);
			name = Utilities;
			sourceTree = "<group>";
		};
		65CE49B31A6616F500822DC4 /* Entities */ = {
			isa = PBXGroup;
			children = (
				65CE49B41A66170200822DC4 /* ConfigFile */,
			);
			name = Entities;
			sourceTree = "<group>";
		};
		65CE49B41A66170200822DC4 /* ConfigFile */ = {
			isa = PBXGroup;
			children = (
				65CE49B61A66173F00822DC4 /* DataOfConfigureFile.h */,
				65CE49B71A66173F00822DC4 /* DataOfConfigureFile.m */,
				65CE49B81A66173F00822DC4 /* StructOfRegion.h */,
				65CE49B91A66173F00822DC4 /* StructOfRegion.m */,
				65CE49BA1A66173F00822DC4 /* StructOfWebResource.h */,
				65CE49BB1A66173F00822DC4 /* StructOfWebResource.m */,
			);
			name = ConfigFile;
			sourceTree = "<group>";
		};
		65CE49B51A66170D00822DC4 /* WebResourceDownload */ = {
			isa = PBXGroup;
			children = (
				65CE49BC1A66173F00822DC4 /* WebResourceDownloadManger.h */,
				65CE49BD1A66173F00822DC4 /* WebResourceDownloadManger.m */,
			);
			name = WebResourceDownload;
			sourceTree = "<group>";
		};
/* End PBXGroup section */

/* Begin PBXNativeTarget section */
		654F76FC1A5399EA0057278B /* TurboEngine */ = {
			isa = PBXNativeTarget;
			buildConfigurationList = 654F77201A5399EA0057278B /* Build configuration list for PBXNativeTarget "TurboEngine" */;
			buildPhases = (
				654F76F91A5399EA0057278B /* Sources */,
				654F76FA1A5399EA0057278B /* Frameworks */,
				654F76FB1A5399EA0057278B /* Resources */,
			);
			buildRules = (
			);
			dependencies = (
			);
			name = TurboEngine;
			productName = TurboEngine;
			productReference = 654F76FD1A5399EA0057278B /* TurboEngine.app */;
			productType = "com.apple.product-type.application";
		};
		654F77151A5399EA0057278B /* TurboEngineTests */ = {
			isa = PBXNativeTarget;
			buildConfigurationList = 654F77231A5399EA0057278B /* Build configuration list for PBXNativeTarget "TurboEngineTests" */;
			buildPhases = (
				654F77121A5399EA0057278B /* Sources */,
				654F77131A5399EA0057278B /* Frameworks */,
				654F77141A5399EA0057278B /* Resources */,
			);
			buildRules = (
			);
			dependencies = (
				654F77181A5399EA0057278B /* PBXTargetDependency */,
			);
			name = TurboEngineTests;
			productName = TurboEngineTests;
			productReference = 654F77161A5399EA0057278B /* TurboEngineTests.xctest */;
			productType = "com.apple.product-type.bundle.unit-test";
		};
/* End PBXNativeTarget section */

/* Begin PBXProject section */
		654F76F51A5399EA0057278B /* Project object */ = {
			isa = PBXProject;
			attributes = {
				LastUpgradeCheck = 0610;
				ORGANIZATIONNAME = capgemini;
				TargetAttributes = {
					654F76FC1A5399EA0057278B = {
						CreatedOnToolsVersion = 6.1;
					};
					654F77151A5399EA0057278B = {
						CreatedOnToolsVersion = 6.1;
						TestTargetID = 654F76FC1A5399EA0057278B;
					};
				};
			};
			buildConfigurationList = 654F76F81A5399EA0057278B /* Build configuration list for PBXProject "TurboEngine" */;
			compatibilityVersion = "Xcode 3.2";
			developmentRegion = English;
			hasScannedForEncodings = 0;
			knownRegions = (
				en,
				Base,
			);
			mainGroup = 654F76F41A5399EA0057278B;
			productRefGroup = 654F76FE1A5399EA0057278B /* Products */;
			projectDirPath = "";
			projectRoot = "";
			targets = (
				654F76FC1A5399EA0057278B /* TurboEngine */,
				654F77151A5399EA0057278B /* TurboEngineTests */,
			);
		};
/* End PBXProject section */

/* Begin PBXResourcesBuildPhase section */
		654F76FB1A5399EA0057278B /* Resources */ = {
			isa = PBXResourcesBuildPhase;
			buildActionMask = 2147483647;
			files = (
				654F770C1A5399EA0057278B /* Main.storyboard in Resources */,
				654F77111A5399EA0057278B /* LaunchScreen.xib in Resources */,
				654F770E1A5399EA0057278B /* Images.xcassets in Resources */,
			);
			runOnlyForDeploymentPostprocessing = 0;
		};
		654F77141A5399EA0057278B /* Resources */ = {
			isa = PBXResourcesBuildPhase;
			buildActionMask = 2147483647;
			files = (
			);
			runOnlyForDeploymentPostprocessing = 0;
		};
/* End PBXResourcesBuildPhase section */

/* Begin PBXSourcesBuildPhase section */
		654F76F91A5399EA0057278B /* Sources */ = {
			isa = PBXSourcesBuildPhase;
			buildActionMask = 2147483647;
			files = (
				654F77091A5399EA0057278B /* LoadingViewController.m in Sources */,
				65CE49BE1A66173F00822DC4 /* DataOfConfigureFile.m in Sources */,
				65CE498D1A66006E00822DC4 /* UpdateViewController.m in Sources */,
				65CE49BF1A66173F00822DC4 /* StructOfRegion.m in Sources */,
				654F77061A5399EA0057278B /* AppDelegate.m in Sources */,
				65CE49C01A66173F00822DC4 /* StructOfWebResource.m in Sources */,
				65CE49C11A66173F00822DC4 /* WebResourceDownloadManger.m in Sources */,
				65CE49F51A664F8600822DC4 /* Constant.m in Sources */,
				654F77031A5399EA0057278B /* main.m in Sources */,
			);
			runOnlyForDeploymentPostprocessing = 0;
		};
		654F77121A5399EA0057278B /* Sources */ = {
			isa = PBXSourcesBuildPhase;
			buildActionMask = 2147483647;
			files = (
				654F771D1A5399EA0057278B /* TurboEngineTests.m in Sources */,
			);
			runOnlyForDeploymentPostprocessing = 0;
		};
/* End PBXSourcesBuildPhase section */

/* Begin PBXTargetDependency section */
		654F77181A5399EA0057278B /* PBXTargetDependency */ = {
			isa = PBXTargetDependency;
			target = 654F76FC1A5399EA0057278B /* TurboEngine */;
			targetProxy = 654F77171A5399EA0057278B /* PBXContainerItemProxy */;
		};
/* End PBXTargetDependency section */

/* Begin PBXVariantGroup section */
		654F770A1A5399EA0057278B /* Main.storyboard */ = {
			isa = PBXVariantGroup;
			children = (
				654F770B1A5399EA0057278B /* Base */,
			);
			name = Main.storyboard;
			sourceTree = "<group>";
		};
		654F770F1A5399EA0057278B /* LaunchScreen.xib */ = {
			isa = PBXVariantGroup;
			children = (
				654F77101A5399EA0057278B /* Base */,
			);
			name = LaunchScreen.xib;
			sourceTree = "<group>";
		};
/* End PBXVariantGroup section */

/* Begin XCBuildConfiguration section */
		654F771E1A5399EA0057278B /* Debug */ = {
			isa = XCBuildConfiguration;
			buildSettings = {
				ALWAYS_SEARCH_USER_PATHS = NO;
				CLANG_CXX_LANGUAGE_STANDARD = "gnu++0x";
				CLANG_CXX_LIBRARY = "libc++";
				CLANG_ENABLE_MODULES = YES;
				CLANG_ENABLE_OBJC_ARC = YES;
				CLANG_WARN_BOOL_CONVERSION = YES;
				CLANG_WARN_CONSTANT_CONVERSION = YES;
				CLANG_WARN_DIRECT_OBJC_ISA_USAGE = YES_ERROR;
				CLANG_WARN_EMPTY_BODY = YES;
				CLANG_WARN_ENUM_CONVERSION = YES;
				CLANG_WARN_INT_CONVERSION = YES;
				CLANG_WARN_OBJC_ROOT_CLASS = YES_ERROR;
				CLANG_WARN_UNREACHABLE_CODE = YES;
				CLANG_WARN__DUPLICATE_METHOD_MATCH = YES;
				"CODE_SIGN_IDENTITY[sdk=iphoneos*]" = "iPhone Developer";
				COPY_PHASE_STRIP = NO;
				ENABLE_STRICT_OBJC_MSGSEND = YES;
				GCC_C_LANGUAGE_STANDARD = gnu99;
				GCC_DYNAMIC_NO_PIC = NO;
				GCC_OPTIMIZATION_LEVEL = 0;
				GCC_PREPROCESSOR_DEFINITIONS = (
					"DEBUG=1",
					"$(inherited)",
				);
				GCC_SYMBOLS_PRIVATE_EXTERN = NO;
				GCC_WARN_64_TO_32_BIT_CONVERSION = YES;
				GCC_WARN_ABOUT_RETURN_TYPE = YES_ERROR;
				GCC_WARN_UNDECLARED_SELECTOR = YES;
				GCC_WARN_UNINITIALIZED_AUTOS = YES_AGGRESSIVE;
				GCC_WARN_UNUSED_FUNCTION = YES;
				GCC_WARN_UNUSED_VARIABLE = YES;
				IPHONEOS_DEPLOYMENT_TARGET = 8.1;
				MTL_ENABLE_DEBUG_INFO = YES;
				ONLY_ACTIVE_ARCH = YES;
				SDKROOT = iphoneos;
				TARGETED_DEVICE_FAMILY = "1,2";
			};
			name = Debug;
		};
		654F771F1A5399EA0057278B /* Release */ = {
			isa = XCBuildConfiguration;
			buildSettings = {
				ALWAYS_SEARCH_USER_PATHS = NO;
				CLANG_CXX_LANGUAGE_STANDARD = "gnu++0x";
				CLANG_CXX_LIBRARY = "libc++";
				CLANG_ENABLE_MODULES = YES;
				CLANG_ENABLE_OBJC_ARC = YES;
				CLANG_WARN_BOOL_CONVERSION = YES;
				CLANG_WARN_CONSTANT_CONVERSION = YES;
				CLANG_WARN_DIRECT_OBJC_ISA_USAGE = YES_ERROR;
				CLANG_WARN_EMPTY_BODY = YES;
				CLANG_WARN_ENUM_CONVERSION = YES;
				CLANG_WARN_INT_CONVERSION = YES;
				CLANG_WARN_OBJC_ROOT_CLASS = YES_ERROR;
				CLANG_WARN_UNREACHABLE_CODE = YES;
				CLANG_WARN__DUPLICATE_METHOD_MATCH = YES;
				"CODE_SIGN_IDENTITY[sdk=iphoneos*]" = "iPhone Developer";
				COPY_PHASE_STRIP = YES;
				ENABLE_NS_ASSERTIONS = NO;
				ENABLE_STRICT_OBJC_MSGSEND = YES;
				GCC_C_LANGUAGE_STANDARD = gnu99;
				GCC_WARN_64_TO_32_BIT_CONVERSION = YES;
				GCC_WARN_ABOUT_RETURN_TYPE = YES_ERROR;
				GCC_WARN_UNDECLARED_SELECTOR = YES;
				GCC_WARN_UNINITIALIZED_AUTOS = YES_AGGRESSIVE;
				GCC_WARN_UNUSED_FUNCTION = YES;
				GCC_WARN_UNUSED_VARIABLE = YES;
				IPHONEOS_DEPLOYMENT_TARGET = 8.1;
				MTL_ENABLE_DEBUG_INFO = NO;
				SDKROOT = iphoneos;
				TARGETED_DEVICE_FAMILY = "1,2";
				VALIDATE_PRODUCT = YES;
			};
			name = Release;
		};
		654F77211A5399EA0057278B /* Debug */ = {
			isa = XCBuildConfiguration;
			buildSettings = {
				ASSETCATALOG_COMPILER_APPICON_NAME = AppIcon;
				INFOPLIST_FILE = TurboEngine/Info.plist;
				LD_RUNPATH_SEARCH_PATHS = "$(inherited) @executable_path/Frameworks";
				PRODUCT_NAME = "$(TARGET_NAME)";
			};
			name = Debug;
		};
		654F77221A5399EA0057278B /* Release */ = {
			isa = XCBuildConfiguration;
			buildSettings = {
				ASSETCATALOG_COMPILER_APPICON_NAME = AppIcon;
				INFOPLIST_FILE = TurboEngine/Info.plist;
				LD_RUNPATH_SEARCH_PATHS = "$(inherited) @executable_path/Frameworks";
				PRODUCT_NAME = "$(TARGET_NAME)";
			};
			name = Release;
		};
		654F77241A5399EA0057278B /* Debug */ = {
			isa = XCBuildConfiguration;
			buildSettings = {
				BUNDLE_LOADER = "$(TEST_HOST)";
				FRAMEWORK_SEARCH_PATHS = (
					"$(SDKROOT)/Developer/Library/Frameworks",
					"$(inherited)",
				);
				GCC_PREPROCESSOR_DEFINITIONS = (
					"DEBUG=1",
					"$(inherited)",
				);
				INFOPLIST_FILE = TurboEngineTests/Info.plist;
				LD_RUNPATH_SEARCH_PATHS = "$(inherited) @executable_path/Frameworks @loader_path/Frameworks";
				PRODUCT_NAME = "$(TARGET_NAME)";
				TEST_HOST = "$(BUILT_PRODUCTS_DIR)/TurboEngine.app/TurboEngine";
			};
			name = Debug;
		};
		654F77251A5399EA0057278B /* Release */ = {
			isa = XCBuildConfiguration;
			buildSettings = {
				BUNDLE_LOADER = "$(TEST_HOST)";
				FRAMEWORK_SEARCH_PATHS = (
					"$(SDKROOT)/Developer/Library/Frameworks",
					"$(inherited)",
				);
				INFOPLIST_FILE = TurboEngineTests/Info.plist;
				LD_RUNPATH_SEARCH_PATHS = "$(inherited) @executable_path/Frameworks @loader_path/Frameworks";
				PRODUCT_NAME = "$(TARGET_NAME)";
				TEST_HOST = "$(BUILT_PRODUCTS_DIR)/TurboEngine.app/TurboEngine";
			};
			name = Release;
		};
/* End XCBuildConfiguration section */

/* Begin XCConfigurationList section */
		654F76F81A5399EA0057278B /* Build configuration list for PBXProject "TurboEngine" */ = {
			isa = XCConfigurationList;
			buildConfigurations = (
				654F771E1A5399EA0057278B /* Debug */,
				654F771F1A5399EA0057278B /* Release */,
			);
			defaultConfigurationIsVisible = 0;
			defaultConfigurationName = Release;
		};
		654F77201A5399EA0057278B /* Build configuration list for PBXNativeTarget "TurboEngine" */ = {
			isa = XCConfigurationList;
			buildConfigurations = (
				654F77211A5399EA0057278B /* Debug */,
				654F77221A5399EA0057278B /* Release */,
			);
			defaultConfigurationIsVisible = 0;
			defaultConfigurationName = Release;
		};
		654F77231A5399EA0057278B /* Build configuration list for PBXNativeTarget "TurboEngineTests" */ = {
			isa = XCConfigurationList;
			buildConfigurations = (
				654F77241A5399EA0057278B /* Debug */,
				654F77251A5399EA0057278B /* Release */,
			);
			defaultConfigurationIsVisible = 0;
			defaultConfigurationName = Release;
		};
/* End XCConfigurationList section */
	};
	rootObject = 654F76F51A5399EA0057278B /* Project object */;
}
